lockfileVersion: '9.0'

settings:
  autoInstallPeers: true
  excludeLinksFromLockfile: false

importers:

  .: {}

bit:
  depsRequiringBuild:
    - '@parcel/watcher@2.5.1'
    - core-js-pure@3.46.0
    - core-js@3.46.0
    - es5-ext@0.10.64
    - esbuild@0.14.29
    - esbuild@0.21.5
    - esbuild@0.23.1
